
Microsoft Visual Studio Solution File, Format Version 12.00
# Visual Studio Version 16
VisualStudioVersion = 16.0.810.1
MinimumVisualStudioVersion = 10.0.40219.1
Project("{FAE04EC0-301F-11D3-BF4B-00C04F79EFBC}") = "MQTest", "MQTest\MQTest.csproj", "{CF401AFC-8A5B-463B-B36C-37BB1DA4C739}"
EndProject
Project("{FAE04EC0-301F-11D3-BF4B-00C04F79EFBC}") = "GeoData", "GeoData\GeoData.csproj", "{F9F2352F-2281-4AB0-B831-6325039684C1}"
EndProject
Global
	GlobalSection(SolutionConfigurationPlatforms) = preSolution
		Debug|Any CPU = Debug|Any CPU
		Release|Any CPU = Release|Any CPU
	EndGlobalSection
	GlobalSection(ProjectConfigurationPlatforms) = postSolution
		{CF401AFC-8A5B-463B-B36C-37BB1DA4C739}.Debug|Any CPU.ActiveCfg = Debug|Any CPU
		{CF401AFC-8A5B-463B-B36C-37BB1DA4C739}.Debug|Any CPU.Build.0 = Debug|Any CPU
		{CF401AFC-8A5B-463B-B36C-37BB1DA4C739}.Release|Any CPU.ActiveCfg = Release|Any CPU
		{CF401AFC-8A5B-463B-B36C-37BB1DA4C739}.Release|Any CPU.Build.0 = Release|Any CPU
		{F9F2352F-2281-4AB0-B831-6325039684C1}.Debug|Any CPU.ActiveCfg = Debug|Any CPU
		{F9F2352F-2281-4AB0-B831-6325039684C1}.Debug|Any CPU.Build.0 = Debug|Any CPU
		{F9F2352F-2281-4AB0-B831-6325039684C1}.Release|Any CPU.ActiveCfg = Release|Any CPU
		{F9F2352F-2281-4AB0-B831-6325039684C1}.Release|Any CPU.Build.0 = Release|Any CPU
	EndGlobalSection
	GlobalSection(SolutionProperties) = preSolution
		HideSolutionNode = FALSE
	EndGlobalSection
	GlobalSection(ExtensibilityGlobals) = postSolution
		SolutionGuid = {657E246E-F051-4D40-936B-E987A2A6D38A}
	EndGlobalSection
EndGlobal
